
Microsoft Visual Studio Solution File, Format Version 12.00
# Visual Studio Version 16
VisualStudioVersion = 16.0.30804.86
MinimumVisualStudioVersion = 10.0.40219.1
Project("{FAE04EC0-301F-11D3-BF4B-00C04F79EFBC}") = "YaamiStore_LExecutor", "YaamiStore_LExecutor\YaamiStore_LExecutor.csproj", "{E5919D87-C9D8-487B-ADD5-9974A0232E78}"
EndProject
Global
	GlobalSection(SolutionConfigurationPlatforms) = preSolution
		Debug|Any CPU = Debug|Any CPU
		Release|Any CPU = Release|Any CPU
	EndGlobalSection
	GlobalSection(ProjectConfigurationPlatforms) = postSolution
		{E5919D87-C9D8-487B-ADD5-9974A0232E78}.Debug|Any CPU.ActiveCfg = Debug|Any CPU
		{E5919D87-C9D8-487B-ADD5-9974A0232E78}.Debug|Any CPU.Build.0 = Debug|Any CPU
		{E5919D87-C9D8-487B-ADD5-9974A0232E78}.Release|Any CPU.ActiveCfg = Release|Any CPU
		{E5919D87-C9D8-487B-ADD5-9974A0232E78}.Release|Any CPU.Build.0 = Release|Any CPU
	EndGlobalSection
	GlobalSection(SolutionProperties) = preSolution
		HideSolutionNode = FALSE
	EndGlobalSection
	GlobalSection(ExtensibilityGlobals) = postSolution
		SolutionGuid = {BB615DCC-1AA8-423E-BAE0-3D34264DA1C9}
	EndGlobalSection
EndGlobal
